// !$*UTF8*$!
{
	archiveVersion = 1;
	classes = {
	};
	objectVersion = 50;
	objects = {

/* Begin PBXBuildFile section */
		0002867E23FA4193000C9BF8 /* Settings.png in Resources */ = {isa = PBXBuildFile; fileRef = 0002867D23FA4193000C9BF8 /* Settings.png */; };
		0002868023FA4598000C9BF8 /* SettingsTableViewController.swift in Sources */ = {isa = PBXBuildFile; fileRef = 0002867F23FA4598000C9BF8 /* SettingsTableViewController.swift */; };
		0002868723FCF39C000C9BF8 /* StoreKit.framework in Frameworks */ = {isa = PBXBuildFile; fileRef = 0002868623FCF39C000C9BF8 /* StoreKit.framework */; };
		000D10FC23B5A9C700BED536 /* AppDelegate.swift in Sources */ = {isa = PBXBuildFile; fileRef = 000D10FB23B5A9C700BED536 /* AppDelegate.swift */; };
		000D10FE23B5A9C700BED536 /* SceneDelegate.swift in Sources */ = {isa = PBXBuildFile; fileRef = 000D10FD23B5A9C700BED536 /* SceneDelegate.swift */; };
		000D110023B5A9C700BED536 /* ViewController.swift in Sources */ = {isa = PBXBuildFile; fileRef = 000D10FF23B5A9C700BED536 /* ViewController.swift */; };
		000D110323B5A9C700BED536 /* Main.storyboard in Resources */ = {isa = PBXBuildFile; fileRef = 000D110123B5A9C700BED536 /* Main.storyboard */; };
		000D110523B5A9C800BED536 /* Assets.xcassets in Resources */ = {isa = PBXBuildFile; fileRef = 000D110423B5A9C800BED536 /* Assets.xcassets */; };
		000D110823B5A9C800BED536 /* LaunchScreen.storyboard in Resources */ = {isa = PBXBuildFile; fileRef = 000D110623B5A9C800BED536 /* LaunchScreen.storyboard */; };
		000D5BF823F20DA300EE5716 /* PR Cam App Icons in Resources */ = {isa = PBXBuildFile; fileRef = 000D5BF723F20DA300EE5716 /* PR Cam App Icons */; };
		000D5BFF23F20DDA00EE5716 /* LightningDark.png in Resources */ = {isa = PBXBuildFile; fileRef = 000D5BF923F20DD900EE5716 /* LightningDark.png */; };
		000D5C0023F20DDA00EE5716 /* RotateCamera.png in Resources */ = {isa = PBXBuildFile; fileRef = 000D5BFA23F20DD900EE5716 /* RotateCamera.png */; };
		000D5C0123F20DDA00EE5716 /* LightningLight.png in Resources */ = {isa = PBXBuildFile; fileRef = 000D5BFB23F20DDA00EE5716 /* LightningLight.png */; };
		000D5C0223F20DDA00EE5716 /* PR Cam App Icon.png in Resources */ = {isa = PBXBuildFile; fileRef = 000D5BFC23F20DDA00EE5716 /* PR Cam App Icon.png */; };
		000D5C0323F20DDA00EE5716 /* PR Cam Logo.png in Resources */ = {isa = PBXBuildFile; fileRef = 000D5BFD23F20DDA00EE5716 /* PR Cam Logo.png */; };
		000D5C0423F20DDA00EE5716 /* CameraRoll.png in Resources */ = {isa = PBXBuildFile; fileRef = 000D5BFE23F20DDA00EE5716 /* CameraRoll.png */; };
		001B16A823E0EFE200A26654 /* Helper.swift in Sources */ = {isa = PBXBuildFile; fileRef = 001B16A723E0EFE200A26654 /* Helper.swift */; };
		006BC07723F34280000785D4 /* PR Cam Logo Dark.png in Resources */ = {isa = PBXBuildFile; fileRef = 006BC07623F34280000785D4 /* PR Cam Logo Dark.png */; };
		007E61F5241DBC4500F775CC /* RecordButton.swift in Sources */ = {isa = PBXBuildFile; fileRef = 007E61F4241DBC4500F775CC /* RecordButton.swift */; };
		007E61F7241DBFDE00F775CC /* TrimViewController.swift in Sources */ = {isa = PBXBuildFile; fileRef = 007E61F6241DBFDE00F775CC /* TrimViewController.swift */; };
		007E61F9241EA55A00F775CC /* RangeSlider.swift in Sources */ = {isa = PBXBuildFile; fileRef = 007E61F8241EA55A00F775CC /* RangeSlider.swift */; };
		0085E73824105A0E00D08EF9 /* SettingsSwitch.swift in Sources */ = {isa = PBXBuildFile; fileRef = 0085E73724105A0E00D08EF9 /* SettingsSwitch.swift */; };
		008AA9C0241090CB00427B3F /* AnimationExtension.swift in Sources */ = {isa = PBXBuildFile; fileRef = 008AA9BF241090CB00427B3F /* AnimationExtension.swift */; };
/* End PBXBuildFile section */

/* Begin PBXFileReference section */
		0002867D23FA4193000C9BF8 /* Settings.png */ = {isa = PBXFileReference; lastKnownFileType = image.png; name = Settings.png; path = ../../../Photos/Settings.png; sourceTree = "<group>"; };
		0002867F23FA4598000C9BF8 /* SettingsTableViewController.swift */ = {isa = PBXFileReference; lastKnownFileType = sourcecode.swift; path = SettingsTableViewController.swift; sourceTree = "<group>"; };
		0002868623FCF39C000C9BF8 /* StoreKit.framework */ = {isa = PBXFileReference; lastKnownFileType = wrapper.framework; name = StoreKit.framework; path = System/Library/Frameworks/StoreKit.framework; sourceTree = SDKROOT; };
		000D10F823B5A9C700BED536 /* PR Cam.app */ = {isa = PBXFileReference; explicitFileType = wrapper.application; includeInIndex = 0; path = "PR Cam.app"; sourceTree = BUILT_PRODUCTS_DIR; };
		000D10FB23B5A9C700BED536 /* AppDelegate.swift */ = {isa = PBXFileReference; lastKnownFileType = sourcecode.swift; path = AppDelegate.swift; sourceTree = "<group>"; };
		000D10FD23B5A9C700BED536 /* SceneDelegate.swift */ = {isa = PBXFileReference; lastKnownFileType = sourcecode.swift; path = SceneDelegate.swift; sourceTree = "<group>"; };
		000D10FF23B5A9C700BED536 /* ViewController.swift */ = {isa = PBXFileReference; lastKnownFileType = sourcecode.swift; path = ViewController.swift; sourceTree = "<group>"; };
		000D110223B5A9C700BED536 /* Base */ = {isa = PBXFileReference; lastKnownFileType = file.storyboard; name = Base; path = Base.lproj/Main.storyboard; sourceTree = "<group>"; };
		000D110423B5A9C800BED536 /* Assets.xcassets */ = {isa = PBXFileReference; lastKnownFileType = folder.assetcatalog; path = Assets.xcassets; sourceTree = "<group>"; };
		000D110723B5A9C800BED536 /* Base */ = {isa = PBXFileReference; lastKnownFileType = file.storyboard; name = Base; path = Base.lproj/LaunchScreen.storyboard; sourceTree = "<group>"; };
		000D110923B5A9C800BED536 /* Info.plist */ = {isa = PBXFileReference; lastKnownFileType = text.plist.xml; path = Info.plist; sourceTree = "<group>"; };
		000D5BF723F20DA300EE5716 /* PR Cam App Icons */ = {isa = PBXFileReference; lastKnownFileType = folder; name = "PR Cam App Icons"; path = "../../../Photos/PR Cam App Icons"; sourceTree = "<group>"; };
		000D5BF923F20DD900EE5716 /* LightningDark.png */ = {isa = PBXFileReference; lastKnownFileType = image.png; name = LightningDark.png; path = ../../../Photos/LightningDark.png; sourceTree = "<group>"; };
		000D5BFA23F20DD900EE5716 /* RotateCamera.png */ = {isa = PBXFileReference; lastKnownFileType = image.png; name = RotateCamera.png; path = ../../../Photos/RotateCamera.png; sourceTree = "<group>"; };
		000D5BFB23F20DDA00EE5716 /* LightningLight.png */ = {isa = PBXFileReference; lastKnownFileType = image.png; name = LightningLight.png; path = ../../../Photos/LightningLight.png; sourceTree = "<group>"; };
		000D5BFC23F20DDA00EE5716 /* PR Cam App Icon.png */ = {isa = PBXFileReference; lastKnownFileType = image.png; name = "PR Cam App Icon.png"; path = "../../../Photos/PR Cam App Icon.png"; sourceTree = "<group>"; };
		000D5BFD23F20DDA00EE5716 /* PR Cam Logo.png */ = {isa = PBXFileReference; lastKnownFileType = image.png; name = "PR Cam Logo.png"; path = "../../../Photos/PR Cam Logo.png"; sourceTree = "<group>"; };
		000D5BFE23F20DDA00EE5716 /* CameraRoll.png */ = {isa = PBXFileReference; lastKnownFileType = image.png; name = CameraRoll.png; path = ../../../Photos/CameraRoll.png; sourceTree = "<group>"; };
		001B16A723E0EFE200A26654 /* Helper.swift */ = {isa = PBXFileReference; lastKnownFileType = sourcecode.swift; path = Helper.swift; sourceTree = "<group>"; };
		006BC07623F34280000785D4 /* PR Cam Logo Dark.png */ = {isa = PBXFileReference; lastKnownFileType = image.png; name = "PR Cam Logo Dark.png"; path = "../../../Photos/PR Cam Logo Dark.png"; sourceTree = "<group>"; };
		007E61F4241DBC4500F775CC /* RecordButton.swift */ = {isa = PBXFileReference; fileEncoding = 4; lastKnownFileType = sourcecode.swift; path = RecordButton.swift; sourceTree = "<group>"; };
		007E61F6241DBFDE00F775CC /* TrimViewController.swift */ = {isa = PBXFileReference; lastKnownFileType = sourcecode.swift; path = TrimViewController.swift; sourceTree = "<group>"; };
		007E61F8241EA55A00F775CC /* RangeSlider.swift */ = {isa = PBXFileReference; fileEncoding = 4; lastKnownFileType = sourcecode.swift; path = RangeSlider.swift; sourceTree = "<group>"; };
		0085E73724105A0E00D08EF9 /* SettingsSwitch.swift */ = {isa = PBXFileReference; lastKnownFileType = sourcecode.swift; path = SettingsSwitch.swift; sourceTree = "<group>"; };
		008AA9BF241090CB00427B3F /* AnimationExtension.swift */ = {isa = PBXFileReference; lastKnownFileType = sourcecode.swift; path = AnimationExtension.swift; sourceTree = "<group>"; };
/* End PBXFileReference section */

/* Begin PBXFrameworksBuildPhase section */
		000D10F523B5A9C700BED536 /* Frameworks */ = {
			isa = PBXFrameworksBuildPhase;
			buildActionMask = 2147483647;
			files = (
				0002868723FCF39C000C9BF8 /* StoreKit.framework in Frameworks */,
			);
			runOnlyForDeploymentPostprocessing = 0;
		};
/* End PBXFrameworksBuildPhase section */

/* Begin PBXGroup section */
		0002868323FCF381000C9BF8 /* Frameworks */ = {
			isa = PBXGroup;
			children = (
				0002868623FCF39C000C9BF8 /* StoreKit.framework */,
			);
			name = Frameworks;
			sourceTree = "<group>";
		};
		000D10EF23B5A9C700BED536 = {
			isa = PBXGroup;
			children = (
				000D10FA23B5A9C700BED536 /* PR Cam */,
				000D10F923B5A9C700BED536 /* Products */,
				0002868323FCF381000C9BF8 /* Frameworks */,
			);
			sourceTree = "<group>";
		};
		000D10F923B5A9C700BED536 /* Products */ = {
			isa = PBXGroup;
			children = (
				000D10F823B5A9C700BED536 /* PR Cam.app */,
			);
			name = Products;
			sourceTree = "<group>";
		};
		000D10FA23B5A9C700BED536 /* PR Cam */ = {
			isa = PBXGroup;
			children = (
				0021744823B977BA0076A07F /* Images */,
				000D10FD23B5A9C700BED536 /* SceneDelegate.swift */,
				000D10FF23B5A9C700BED536 /* ViewController.swift */,
				001B16A723E0EFE200A26654 /* Helper.swift */,
				000D110123B5A9C700BED536 /* Main.storyboard */,
				000D110423B5A9C800BED536 /* Assets.xcassets */,
				000D110623B5A9C800BED536 /* LaunchScreen.storyboard */,
				000D110923B5A9C800BED536 /* Info.plist */,
				0002867F23FA4598000C9BF8 /* SettingsTableViewController.swift */,
				0085E73724105A0E00D08EF9 /* SettingsSwitch.swift */,
				008AA9BF241090CB00427B3F /* AnimationExtension.swift */,
				007E61F4241DBC4500F775CC /* RecordButton.swift */,
				007E61F6241DBFDE00F775CC /* TrimViewController.swift */,
				007E61F8241EA55A00F775CC /* RangeSlider.swift */,
			);
			path = "PR Cam";
			sourceTree = "<group>";
		};
		0021744823B977BA0076A07F /* Images */ = {
			isa = PBXGroup;
			children = (
				0002867D23FA4193000C9BF8 /* Settings.png */,
				006BC07623F34280000785D4 /* PR Cam Logo Dark.png */,
				000D5BFE23F20DDA00EE5716 /* CameraRoll.png */,
				000D10FB23B5A9C700BED536 /* AppDelegate.swift */,
				000D5BF923F20DD900EE5716 /* LightningDark.png */,
				000D5BFB23F20DDA00EE5716 /* LightningLight.png */,
				000D5BFC23F20DDA00EE5716 /* PR Cam App Icon.png */,
				000D5BFD23F20DDA00EE5716 /* PR Cam Logo.png */,
				000D5BFA23F20DD900EE5716 /* RotateCamera.png */,
				000D5BF723F20DA300EE5716 /* PR Cam App Icons */,
			);
			path = Images;
			sourceTree = "<group>";
		};
/* End PBXGroup section */

/* Begin PBXNativeTarget section */
		000D10F723B5A9C700BED536 /* PR Cam */ = {
			isa = PBXNativeTarget;
			buildConfigurationList = 000D110C23B5A9C800BED536 /* Build configuration list for PBXNativeTarget "PR Cam" */;
			buildPhases = (
				000D10F423B5A9C700BED536 /* Sources */,
				000D10F523B5A9C700BED536 /* Frameworks */,
				000D10F623B5A9C700BED536 /* Resources */,
			);
			buildRules = (
			);
			dependencies = (
			);
			name = "PR Cam";
			productName = "PR Cam";
			productReference = 000D10F823B5A9C700BED536 /* PR Cam.app */;
			productType = "com.apple.product-type.application";
		};
/* End PBXNativeTarget section */

/* Begin PBXProject section */
		000D10F023B5A9C700BED536 /* Project object */ = {
			isa = PBXProject;
			attributes = {
				LastSwiftUpdateCheck = 1130;
				LastUpgradeCheck = 1130;
				ORGANIZATIONNAME = "Sydney Lin";
				TargetAttributes = {
					000D10F723B5A9C700BED536 = {
						CreatedOnToolsVersion = 11.3;
					};
				};
			};
			buildConfigurationList = 000D10F323B5A9C700BED536 /* Build configuration list for PBXProject "PR Cam" */;
			compatibilityVersion = "Xcode 9.3";
			developmentRegion = en;
			hasScannedForEncodings = 0;
			knownRegions = (
				en,
				Base,
			);
			mainGroup = 000D10EF23B5A9C700BED536;
			productRefGroup = 000D10F923B5A9C700BED536 /* Products */;
			projectDirPath = "";
			projectRoot = "";
			targets = (
				000D10F723B5A9C700BED536 /* PR Cam */,
			);
		};
/* End PBXProject section */

/* Begin PBXResourcesBuildPhase section */
		000D10F623B5A9C700BED536 /* Resources */ = {
			isa = PBXResourcesBuildPhase;
			buildActionMask = 2147483647;
			files = (
				000D5C0123F20DDA00EE5716 /* LightningLight.png in Resources */,
				000D5C0423F20DDA00EE5716 /* CameraRoll.png in Resources */,
				000D5C0323F20DDA00EE5716 /* PR Cam Logo.png in Resources */,
				000D5BF823F20DA300EE5716 /* PR Cam App Icons in Resources */,
				006BC07723F34280000785D4 /* PR Cam Logo Dark.png in Resources */,
				000D110823B5A9C800BED536 /* LaunchScreen.storyboard in Resources */,
				000D5C0223F20DDA00EE5716 /* PR Cam App Icon.png in Resources */,
				000D5BFF23F20DDA00EE5716 /* LightningDark.png in Resources */,
				0002867E23FA4193000C9BF8 /* Settings.png in Resources */,
				000D5C0023F20DDA00EE5716 /* RotateCamera.png in Resources */,
				000D110523B5A9C800BED536 /* Assets.xcassets in Resources */,
				000D110323B5A9C700BED536 /* Main.storyboard in Resources */,
			);
			runOnlyForDeploymentPostprocessing = 0;
		};
/* End PBXResourcesBuildPhase section */

/* Begin PBXSourcesBuildPhase section */
		000D10F423B5A9C700BED536 /* Sources */ = {
			isa = PBXSourcesBuildPhase;
			buildActionMask = 2147483647;
			files = (
				007E61F5241DBC4500F775CC /* RecordButton.swift in Sources */,
				008AA9C0241090CB00427B3F /* AnimationExtension.swift in Sources */,
				000D110023B5A9C700BED536 /* ViewController.swift in Sources */,
				000D10FC23B5A9C700BED536 /* AppDelegate.swift in Sources */,
				007E61F7241DBFDE00F775CC /* TrimViewController.swift in Sources */,
				0002868023FA4598000C9BF8 /* SettingsTableViewController.swift in Sources */,
				007E61F9241EA55A00F775CC /* RangeSlider.swift in Sources */,
				000D10FE23B5A9C700BED536 /* SceneDelegate.swift in Sources */,
				001B16A823E0EFE200A26654 /* Helper.swift in Sources */,
				0085E73824105A0E00D08EF9 /* SettingsSwitch.swift in Sources */,
			);
			runOnlyForDeploymentPostprocessing = 0;
		};
/* End PBXSourcesBuildPhase section */

/* Begin PBXVariantGroup section */
		000D110123B5A9C700BED536 /* Main.storyboard */ = {
			isa = PBXVariantGroup;
			children = (
				000D110223B5A9C700BED536 /* Base */,
			);
			name = Main.storyboard;
			sourceTree = "<group>";
		};
		000D110623B5A9C800BED536 /* LaunchScreen.storyboard */ = {
			isa = PBXVariantGroup;
			children = (
				000D110723B5A9C800BED536 /* Base */,
			);
			name = LaunchScreen.storyboard;
			sourceTree = "<group>";
		};
/* End PBXVariantGroup section */

/* Begin XCBuildConfiguration section */
		000D110A23B5A9C800BED536 /* Debug */ = {
			isa = XCBuildConfiguration;
			buildSettings = {
				ALWAYS_SEARCH_USER_PATHS = NO;
				CLANG_ANALYZER_NONNULL = YES;
				CLANG_ANALYZER_NUMBER_OBJECT_CONVERSION = YES_AGGRESSIVE;
				CLANG_CXX_LANGUAGE_STANDARD = "gnu++14";
				CLANG_CXX_LIBRARY = "libc++";
				CLANG_ENABLE_MODULES = YES;
				CLANG_ENABLE_OBJC_ARC = YES;
				CLANG_ENABLE_OBJC_WEAK = YES;
				CLANG_WARN_BLOCK_CAPTURE_AUTORELEASING = YES;
				CLANG_WARN_BOOL_CONVERSION = YES;
				CLANG_WARN_COMMA = YES;
				CLANG_WARN_CONSTANT_CONVERSION = YES;
				CLANG_WARN_DEPRECATED_OBJC_IMPLEMENTATIONS = YES;
				CLANG_WARN_DIRECT_OBJC_ISA_USAGE = YES_ERROR;
				CLANG_WARN_DOCUMENTATION_COMMENTS = YES;
				CLANG_WARN_EMPTY_BODY = YES;
				CLANG_WARN_ENUM_CONVERSION = YES;
				CLANG_WARN_INFINITE_RECURSION = YES;
				CLANG_WARN_INT_CONVERSION = YES;
				CLANG_WARN_NON_LITERAL_NULL_CONVERSION = YES;
				CLANG_WARN_OBJC_IMPLICIT_RETAIN_SELF = YES;
				CLANG_WARN_OBJC_LITERAL_CONVERSION = YES;
				CLANG_WARN_OBJC_ROOT_CLASS = YES_ERROR;
				CLANG_WARN_RANGE_LOOP_ANALYSIS = YES;
				CLANG_WARN_STRICT_PROTOTYPES = YES;
				CLANG_WARN_SUSPICIOUS_MOVE = YES;
				CLANG_WARN_UNGUARDED_AVAILABILITY = YES_AGGRESSIVE;
				CLANG_WARN_UNREACHABLE_CODE = YES;
				CLANG_WARN__DUPLICATE_METHOD_MATCH = YES;
				COPY_PHASE_STRIP = NO;
				DEBUG_INFORMATION_FORMAT = dwarf;
				ENABLE_STRICT_OBJC_MSGSEND = YES;
				ENABLE_TESTABILITY = YES;
				GCC_C_LANGUAGE_STANDARD = gnu11;
				GCC_DYNAMIC_NO_PIC = NO;
				GCC_NO_COMMON_BLOCKS = YES;
				GCC_OPTIMIZATION_LEVEL = 0;
				GCC_PREPROCESSOR_DEFINITIONS = (
					"DEBUG=1",
					"$(inherited)",
				);
				GCC_WARN_64_TO_32_BIT_CONVERSION = YES;
				GCC_WARN_ABOUT_RETURN_TYPE = YES_ERROR;
				GCC_WARN_UNDECLARED_SELECTOR = YES;
				GCC_WARN_UNINITIALIZED_AUTOS = YES_AGGRESSIVE;
				GCC_WARN_UNUSED_FUNCTION = YES;
				GCC_WARN_UNUSED_VARIABLE = YES;
				IPHONEOS_DEPLOYMENT_TARGET = 13.2;
				MTL_ENABLE_DEBUG_INFO = INCLUDE_SOURCE;
				MTL_FAST_MATH = YES;
				ONLY_ACTIVE_ARCH = YES;
				SDKROOT = iphoneos;
				SWIFT_ACTIVE_COMPILATION_CONDITIONS = DEBUG;
				SWIFT_OPTIMIZATION_LEVEL = "-Onone";
			};
			name = Debug;
		};
		000D110B23B5A9C800BED536 /* Release */ = {
			isa = XCBuildConfiguration;
			buildSettings = {
				ALWAYS_SEARCH_USER_PATHS = NO;
				CLANG_ANALYZER_NONNULL = YES;
				CLANG_ANALYZER_NUMBER_OBJECT_CONVERSION = YES_AGGRESSIVE;
				CLANG_CXX_LANGUAGE_STANDARD = "gnu++14";
				CLANG_CXX_LIBRARY = "libc++";
				CLANG_ENABLE_MODULES = YES;
				CLANG_ENABLE_OBJC_ARC = YES;
				CLANG_ENABLE_OBJC_WEAK = YES;
				CLANG_WARN_BLOCK_CAPTURE_AUTORELEASING = YES;
				CLANG_WARN_BOOL_CONVERSION = YES;
				CLANG_WARN_COMMA = YES;
				CLANG_WARN_CONSTANT_CONVERSION = YES;
				CLANG_WARN_DEPRECATED_OBJC_IMPLEMENTATIONS = YES;
				CLANG_WARN_DIRECT_OBJC_ISA_USAGE = YES_ERROR;
				CLANG_WARN_DOCUMENTATION_COMMENTS = YES;
				CLANG_WARN_EMPTY_BODY = YES;
				CLANG_WARN_ENUM_CONVERSION = YES;
				CLANG_WARN_INFINITE_RECURSION = YES;
				CLANG_WARN_INT_CONVERSION = YES;
				CLANG_WARN_NON_LITERAL_NULL_CONVERSION = YES;
				CLANG_WARN_OBJC_IMPLICIT_RETAIN_SELF = YES;
				CLANG_WARN_OBJC_LITERAL_CONVERSION = YES;
				CLANG_WARN_OBJC_ROOT_CLASS = YES_ERROR;
				CLANG_WARN_RANGE_LOOP_ANALYSIS = YES;
				CLANG_WARN_STRICT_PROTOTYPES = YES;
				CLANG_WARN_SUSPICIOUS_MOVE = YES;
				CLANG_WARN_UNGUARDED_AVAILABILITY = YES_AGGRESSIVE;
				CLANG_WARN_UNREACHABLE_CODE = YES;
				CLANG_WARN__DUPLICATE_METHOD_MATCH = YES;
				COPY_PHASE_STRIP = NO;
				DEBUG_INFORMATION_FORMAT = "dwarf-with-dsym";
				ENABLE_NS_ASSERTIONS = NO;
				ENABLE_STRICT_OBJC_MSGSEND = YES;
				GCC_C_LANGUAGE_STANDARD = gnu11;
				GCC_NO_COMMON_BLOCKS = YES;
				GCC_WARN_64_TO_32_BIT_CONVERSION = YES;
				GCC_WARN_ABOUT_RETURN_TYPE = YES_ERROR;
				GCC_WARN_UNDECLARED_SELECTOR = YES;
				GCC_WARN_UNINITIALIZED_AUTOS = YES_AGGRESSIVE;
				GCC_WARN_UNUSED_FUNCTION = YES;
				GCC_WARN_UNUSED_VARIABLE = YES;
				IPHONEOS_DEPLOYMENT_TARGET = 13.2;
				MTL_ENABLE_DEBUG_INFO = NO;
				MTL_FAST_MATH = YES;
				SDKROOT = iphoneos;
				SWIFT_COMPILATION_MODE = wholemodule;
				SWIFT_OPTIMIZATION_LEVEL = "-O";
				VALIDATE_PRODUCT = YES;
			};
			name = Release;
		};
		000D110D23B5A9C800BED536 /* Debug */ = {
			isa = XCBuildConfiguration;
			buildSettings = {
				ASSETCATALOG_COMPILER_APPICON_NAME = AppIcon;
				CODE_SIGN_STYLE = Automatic;
				CURRENT_PROJECT_VERSION = 2;
				DEVELOPMENT_TEAM = 9NZH626LPT;
				INFOPLIST_FILE = "PR Cam/Info.plist";
				IPHONEOS_DEPLOYMENT_TARGET = 13.0;
				LD_RUNPATH_SEARCH_PATHS = (
					"$(inherited)",
					"@executable_path/Frameworks",
				);
				MARKETING_VERSION = 1.9;
				PRODUCT_BUNDLE_IDENTIFIER = com.sydneylin.prcam;
				PRODUCT_NAME = "$(TARGET_NAME)";
				SWIFT_VERSION = 5.0;
				TARGETED_DEVICE_FAMILY = 1;
			};
			name = Debug;
		};
		000D110E23B5A9C800BED536 /* Release */ = {
			isa = XCBuildConfiguration;
			buildSettings = {
				ASSETCATALOG_COMPILER_APPICON_NAME = AppIcon;
				CODE_SIGN_STYLE = Automatic;
				CURRENT_PROJECT_VERSION = 2;
				DEVELOPMENT_TEAM = 9NZH626LPT;
				INFOPLIST_FILE = "PR Cam/Info.plist";
				IPHONEOS_DEPLOYMENT_TARGET = 13.0;
				LD_RUNPATH_SEARCH_PATHS = (
					"$(inherited)",
					"@executable_path/Frameworks",
				);
				MARKETING_VERSION = 1.9;
				PRODUCT_BUNDLE_IDENTIFIER = com.sydneylin.prcam;
				PRODUCT_NAME = "$(TARGET_NAME)";
				SWIFT_VERSION = 5.0;
				TARGETED_DEVICE_FAMILY = 1;
			};
			name = Release;
		};
/* End XCBuildConfiguration section */

/* Begin XCConfigurationList section */
		000D10F323B5A9C700BED536 /* Build configuration list for PBXProject "PR Cam" */ = {
			isa = XCConfigurationList;
			buildConfigurations = (
				000D110A23B5A9C800BED536 /* Debug */,
				000D110B23B5A9C800BED536 /* Release */,
			);
			defaultConfigurationIsVisible = 0;
			defaultConfigurationName = Release;
		};
		000D110C23B5A9C800BED536 /* Build configuration list for PBXNativeTarget "PR Cam" */ = {
			isa = XCConfigurationList;
			buildConfigurations = (
				000D110D23B5A9C800BED536 /* Debug */,
				000D110E23B5A9C800BED536 /* Release */,
			);
			defaultConfigurationIsVisible = 0;
			defaultConfigurationName = Release;
		};
/* End XCConfigurationList section */
	};
	rootObject = 000D10F023B5A9C700BED536 /* Project object */;
}
